
Microsoft Visual Studio Solution File, Format Version 12.00
# Visual Studio Version 17
VisualStudioVersion = 17.13.35931.197 d17.13
MinimumVisualStudioVersion = 10.0.40219.1
Project("{FAE04EC0-301F-11D3-BF4B-00C04F79EFBC}") = "Ex2_CSV_To_JSON", "Ex2_CSV_To_JSON.csproj", "{7655A272-D2BC-47AC-9B78-110F75ECECBE}"
EndProject
Global
	GlobalSection(SolutionConfigurationPlatforms) = preSolution
		Debug|Any CPU = Debug|Any CPU
		Release|Any CPU = Release|Any CPU
	EndGlobalSection
	GlobalSection(ProjectConfigurationPlatforms) = postSolution
		{7655A272-D2BC-47AC-9B78-110F75ECECBE}.Debug|Any CPU.ActiveCfg = Debug|Any CPU
		{7655A272-D2BC-47AC-9B78-110F75ECECBE}.Debug|Any CPU.Build.0 = Debug|Any CPU
		{7655A272-D2BC-47AC-9B78-110F75ECECBE}.Release|Any CPU.ActiveCfg = Release|Any CPU
		{7655A272-D2BC-47AC-9B78-110F75ECECBE}.Release|Any CPU.Build.0 = Release|Any CPU
	EndGlobalSection
	GlobalSection(SolutionProperties) = preSolution
		HideSolutionNode = FALSE
	EndGlobalSection
	GlobalSection(ExtensibilityGlobals) = postSolution
		SolutionGuid = {7331E150-4990-43E5-828F-38E0C1E9D1E9}
	EndGlobalSection
EndGlobal
